
Microsoft Visual Studio Solution File, Format Version 12.00
# Visual Studio Version 17
VisualStudioVersion = 17.9.34723.18
MinimumVisualStudioVersion = 10.0.40219.1
Project("{FAE04EC0-301F-11D3-BF4B-00C04F79EFBC}") = "ESTACION", "ESTACION\ESTACION.csproj", "{74A80ED0-9A63-4104-A88A-2939D47AE5EE}"
EndProject
Global
	GlobalSection(SolutionConfigurationPlatforms) = preSolution
		Debug|Any CPU = Debug|Any CPU
		Release|Any CPU = Release|Any CPU
	EndGlobalSection
	GlobalSection(ProjectConfigurationPlatforms) = postSolution
		{74A80ED0-9A63-4104-A88A-2939D47AE5EE}.Debug|Any CPU.ActiveCfg = Debug|Any CPU
		{74A80ED0-9A63-4104-A88A-2939D47AE5EE}.Debug|Any CPU.Build.0 = Debug|Any CPU
		{74A80ED0-9A63-4104-A88A-2939D47AE5EE}.Release|Any CPU.ActiveCfg = Release|Any CPU
		{74A80ED0-9A63-4104-A88A-2939D47AE5EE}.Release|Any CPU.Build.0 = Release|Any CPU
	EndGlobalSection
	GlobalSection(SolutionProperties) = preSolution
		HideSolutionNode = FALSE
	EndGlobalSection
	GlobalSection(ExtensibilityGlobals) = postSolution
		SolutionGuid = {F8E62FFE-79BD-4AAE-A1BF-0D6B858049F6}
	EndGlobalSection
EndGlobal
