
Microsoft Visual Studio Solution File, Format Version 12.00
# Visual Studio Version 17
VisualStudioVersion = 17.9.34723.18
MinimumVisualStudioVersion = 10.0.40219.1
Project("{FAE04EC0-301F-11D3-BF4B-00C04F79EFBC}") = "LIBRERIA", "LIBRERIA\LIBRERIA.csproj", "{7773F872-C5CC-4B47-831F-4ADF3FD7FFD3}"
EndProject
Global
	GlobalSection(SolutionConfigurationPlatforms) = preSolution
		Debug|Any CPU = Debug|Any CPU
		Release|Any CPU = Release|Any CPU
	EndGlobalSection
	GlobalSection(ProjectConfigurationPlatforms) = postSolution
		{7773F872-C5CC-4B47-831F-4ADF3FD7FFD3}.Debug|Any CPU.ActiveCfg = Debug|Any CPU
		{7773F872-C5CC-4B47-831F-4ADF3FD7FFD3}.Debug|Any CPU.Build.0 = Debug|Any CPU
		{7773F872-C5CC-4B47-831F-4ADF3FD7FFD3}.Release|Any CPU.ActiveCfg = Release|Any CPU
		{7773F872-C5CC-4B47-831F-4ADF3FD7FFD3}.Release|Any CPU.Build.0 = Release|Any CPU
	EndGlobalSection
	GlobalSection(SolutionProperties) = preSolution
		HideSolutionNode = FALSE
	EndGlobalSection
	GlobalSection(ExtensibilityGlobals) = postSolution
		SolutionGuid = {ACA825AA-C9EC-48A0-A1CB-6CF9CC4350EA}
	EndGlobalSection
EndGlobal
