
Microsoft Visual Studio Solution File, Format Version 12.00
# Visual Studio Version 17
VisualStudioVersion = 17.9.34728.123
MinimumVisualStudioVersion = 10.0.40219.1
Project("{FAE04EC0-301F-11D3-BF4B-00C04F79EFBC}") = "CAFETERIA", "CAFETERIA\CAFETERIA.csproj", "{5A6AC818-A7CD-419B-B20F-DCCF3C8CF586}"
EndProject
Global
	GlobalSection(SolutionConfigurationPlatforms) = preSolution
		Debug|Any CPU = Debug|Any CPU
		Release|Any CPU = Release|Any CPU
	EndGlobalSection
	GlobalSection(ProjectConfigurationPlatforms) = postSolution
		{5A6AC818-A7CD-419B-B20F-DCCF3C8CF586}.Debug|Any CPU.ActiveCfg = Debug|Any CPU
		{5A6AC818-A7CD-419B-B20F-DCCF3C8CF586}.Debug|Any CPU.Build.0 = Debug|Any CPU
		{5A6AC818-A7CD-419B-B20F-DCCF3C8CF586}.Release|Any CPU.ActiveCfg = Release|Any CPU
		{5A6AC818-A7CD-419B-B20F-DCCF3C8CF586}.Release|Any CPU.Build.0 = Release|Any CPU
	EndGlobalSection
	GlobalSection(SolutionProperties) = preSolution
		HideSolutionNode = FALSE
	EndGlobalSection
	GlobalSection(ExtensibilityGlobals) = postSolution
		SolutionGuid = {3DAC0336-753E-4AE4-9CE4-D0BBD8C602F6}
	EndGlobalSection
EndGlobal
